PODS:
  - Alamofire (4.8.1)
  - Kingfisher (5.1.1)
  - NVActivityIndicatorView (4.6.1):
    - NVActivityIndicatorView/Presenter (= 4.6.1)
  - NVActivityIndicatorView/Presenter (4.6.1)
  - SCLAlertView (0.8)

DEPENDENCIES:
  - Alamofire
  - Kingfisher (~> 5.1)
  - NVActivityIndicatorView
  - SCLAlertView

SPEC REPOS:
  https://github.com/cocoapods/specs.git:
    - Alamofire
    - Kingfisher
    - NVActivityIndicatorView
    - SCLAlertView

SPEC CHECKSUMS:
  Alamofire: 16ce2c353fb72865124ddae8a57c5942388f4f11
  Kingfisher: 2558186963e5be42d98c5b110ccb3130148b77e4
  NVActivityIndicatorView: 4ca19fccc84595a78957336a086d00a49be6ce61
  SCLAlertView: 6a77bb2edfc65e04dbe57725546cb4107a506b85

PODFILE CHECKSUM: 74b1459bd59e25fca3b18b42d038972b1b810f9e

COCOAPODS: 1.5.2
